
Microsoft Visual Studio Solution File, Format Version 12.00
# Visual Studio 14
VisualStudioVersion = 14.0.25420.1
MinimumVisualStudioVersion = 10.0.40219.1
Project("{FAE04EC0-301F-11D3-BF4B-00C04F79EFBC}") = "01. HelloCSharp", "01. HelloCSharp\01. HelloCSharp.csproj", "{239C1364-68EF-4D6C-8039-106A3A4F59A1}"
EndProject
Project("{FAE04EC0-301F-11D3-BF4B-00C04F79EFBC}") = "02. Expression", "02. Expression\02. Expression.csproj", "{63EA801B-3617-4B33-9E41-CD3FF63B2E26}"
EndProject
Project("{FAE04EC0-301F-11D3-BF4B-00C04F79EFBC}") = "03. NumsFrom1To20", "03. NumsFrom1To20\03. NumsFrom1To20.csproj", "{CE82D32D-DDD2-4EF5-9CB6-7F4FE60ADD61}"
EndProject
Project("{FAE04EC0-301F-11D3-BF4B-00C04F79EFBC}") = "04. TriangleOf55Stars", "04. TriangleOf55Stars\04. TriangleOf55Stars.csproj", "{46B99C62-B798-4437-9C71-CC59664B73A6}"
EndProject
Project("{FAE04EC0-301F-11D3-BF4B-00C04F79EFBC}") = "05. AreaOfRectangle", "05. AreaOfRectangle\05. AreaOfRectangle.csproj", "{7E80D4ED-EA4F-4EAF-BCC5-212F80892739}"
EndProject
Project("{FAE04EC0-301F-11D3-BF4B-00C04F79EFBC}") = "06. SquareOfStars", "06. SquareOfStars\06. SquareOfStars.csproj", "{713D20C0-03D4-4673-A83F-D74DED2F9FD1}"
EndProject
Global
	GlobalSection(SolutionConfigurationPlatforms) = preSolution
		Debug|Any CPU = Debug|Any CPU
		Release|Any CPU = Release|Any CPU
	EndGlobalSection
	GlobalSection(ProjectConfigurationPlatforms) = postSolution
		{239C1364-68EF-4D6C-8039-106A3A4F59A1}.Debug|Any CPU.ActiveCfg = Debug|Any CPU
		{239C1364-68EF-4D6C-8039-106A3A4F59A1}.Debug|Any CPU.Build.0 = Debug|Any CPU
		{239C1364-68EF-4D6C-8039-106A3A4F59A1}.Release|Any CPU.ActiveCfg = Release|Any CPU
		{239C1364-68EF-4D6C-8039-106A3A4F59A1}.Release|Any CPU.Build.0 = Release|Any CPU
		{63EA801B-3617-4B33-9E41-CD3FF63B2E26}.Debug|Any CPU.ActiveCfg = Debug|Any CPU
		{63EA801B-3617-4B33-9E41-CD3FF63B2E26}.Debug|Any CPU.Build.0 = Debug|Any CPU
		{63EA801B-3617-4B33-9E41-CD3FF63B2E26}.Release|Any CPU.ActiveCfg = Release|Any CPU
		{63EA801B-3617-4B33-9E41-CD3FF63B2E26}.Release|Any CPU.Build.0 = Release|Any CPU
		{CE82D32D-DDD2-4EF5-9CB6-7F4FE60ADD61}.Debug|Any CPU.ActiveCfg = Debug|Any CPU
		{CE82D32D-DDD2-4EF5-9CB6-7F4FE60ADD61}.Debug|Any CPU.Build.0 = Debug|Any CPU
		{CE82D32D-DDD2-4EF5-9CB6-7F4FE60ADD61}.Release|Any CPU.ActiveCfg = Release|Any CPU
		{CE82D32D-DDD2-4EF5-9CB6-7F4FE60ADD61}.Release|Any CPU.Build.0 = Release|Any CPU
		{46B99C62-B798-4437-9C71-CC59664B73A6}.Debug|Any CPU.ActiveCfg = Debug|Any CPU
		{46B99C62-B798-4437-9C71-CC59664B73A6}.Debug|Any CPU.Build.0 = Debug|Any CPU
		{46B99C62-B798-4437-9C71-CC59664B73A6}.Release|Any CPU.ActiveCfg = Release|Any CPU
		{46B99C62-B798-4437-9C71-CC59664B73A6}.Release|Any CPU.Build.0 = Release|Any CPU
		{7E80D4ED-EA4F-4EAF-BCC5-212F80892739}.Debug|Any CPU.ActiveCfg = Debug|Any CPU
		{7E80D4ED-EA4F-4EAF-BCC5-212F80892739}.Debug|Any CPU.Build.0 = Debug|Any CPU
		{7E80D4ED-EA4F-4EAF-BCC5-212F80892739}.Release|Any CPU.ActiveCfg = Release|Any CPU
		{7E80D4ED-EA4F-4EAF-BCC5-212F80892739}.Release|Any CPU.Build.0 = Release|Any CPU
		{713D20C0-03D4-4673-A83F-D74DED2F9FD1}.Debug|Any CPU.ActiveCfg = Debug|Any CPU
		{713D20C0-03D4-4673-A83F-D74DED2F9FD1}.Debug|Any CPU.Build.0 = Debug|Any CPU
		{713D20C0-03D4-4673-A83F-D74DED2F9FD1}.Release|Any CPU.ActiveCfg = Release|Any CPU
		{713D20C0-03D4-4673-A83F-D74DED2F9FD1}.Release|Any CPU.Build.0 = Release|Any CPU
	EndGlobalSection
	GlobalSection(SolutionProperties) = preSolution
		HideSolutionNode = FALSE
	EndGlobalSection
EndGlobal
