
Microsoft Visual Studio Solution File, Format Version 12.00
# Visual Studio 14
VisualStudioVersion = 14.0.25420.1
MinimumVisualStudioVersion = 10.0.40219.1
Project("{FAE04EC0-301F-11D3-BF4B-00C04F79EFBC}") = "01. ExecellentResult", "ExecellentResult\01. ExecellentResult.csproj", "{3CD8D3EA-D6EE-415A-B227-D396CB7D1220}"
EndProject
Project("{FAE04EC0-301F-11D3-BF4B-00C04F79EFBC}") = "02. ExcellentOrNot", "ExcellentOrNot\02. ExcellentOrNot.csproj", "{AACBACFF-BF06-4258-8C03-C37EB85E0246}"
EndProject
Project("{FAE04EC0-301F-11D3-BF4B-00C04F79EFBC}") = "03. EvenOrOdd", "EvenOrOdd\03. EvenOrOdd.csproj", "{1DB873B0-9827-463B-9ACC-EA061F7E7604}"
EndProject
Project("{FAE04EC0-301F-11D3-BF4B-00C04F79EFBC}") = "04. GreaterNumber", "GreaterNumber\04. GreaterNumber.csproj", "{BB2F4C63-C4CC-48C1-8055-529EC381D37A}"
EndProject
Project("{FAE04EC0-301F-11D3-BF4B-00C04F79EFBC}") = "05. NumberWithWord", "NumberWithWord\05. NumberWithWord.csproj", "{38327EBE-41D2-4947-9DBE-5707F6D5B3ED}"
EndProject
Project("{FAE04EC0-301F-11D3-BF4B-00C04F79EFBC}") = "06. BonusPoints", "BonusPoints\06. BonusPoints.csproj", "{22D7D646-44FA-48B7-9D98-A9DE18AF4512}"
EndProject
Project("{FAE04EC0-301F-11D3-BF4B-00C04F79EFBC}") = "07. SumSeconds", "SumSeconds\07. SumSeconds.csproj", "{93AEA25D-2E3C-4D24-9DDC-F94826A282EC}"
EndProject
Project("{FAE04EC0-301F-11D3-BF4B-00C04F79EFBC}") = "08. ConvertUnit", "ConvertUnit\08. ConvertUnit.csproj", "{56D856B8-8DF8-42BB-9945-58AF0CF1E0A7}"
EndProject
Project("{FAE04EC0-301F-11D3-BF4B-00C04F79EFBC}") = "09. GuessPassword", "GuessPassword\09. GuessPassword.csproj", "{EB3A5741-5D03-4D8F-9747-451368D9760C}"
EndProject
Project("{FAE04EC0-301F-11D3-BF4B-00C04F79EFBC}") = "10. NumberBetween100And200", "NumberBetween100And200\10. NumberBetween100And200.csproj", "{18E4DFA9-AA44-46D0-8867-0C7CE8F6C8DD}"
EndProject
Project("{FAE04EC0-301F-11D3-BF4B-00C04F79EFBC}") = "11. CompareWord", "CompareWord\11. CompareWord.csproj", "{CF75BB0B-9242-429A-A9F6-6931B2B2986D}"
EndProject
Project("{FAE04EC0-301F-11D3-BF4B-00C04F79EFBC}") = "12. SpeedInfo", "SpeedInfo\12. SpeedInfo.csproj", "{7E368BA4-F625-47F7-B7A8-51AB713D9DF4}"
EndProject
Project("{FAE04EC0-301F-11D3-BF4B-00C04F79EFBC}") = "13. AreaOfFigure", "AreaOfFigure\13. AreaOfFigure.csproj", "{D92725DD-D66C-4032-93CA-B972145E25C0}"
EndProject
Project("{FAE04EC0-301F-11D3-BF4B-00C04F79EFBC}") = "14. TimePlus15Mins", "TimePlus15Mins\14. TimePlus15Mins.csproj", "{CE1C33B9-1BA0-41EC-965E-939E44C17A78}"
EndProject
Project("{FAE04EC0-301F-11D3-BF4B-00C04F79EFBC}") = "15. SameNumber", "SameNumber\15. SameNumber.csproj", "{DF1CB5B3-F573-4F41-96A2-C6C04880B434}"
EndProject
Project("{FAE04EC0-301F-11D3-BF4B-00C04F79EFBC}") = "16. Num100ToWord", "Num100ToWord\16. Num100ToWord.csproj", "{04B55EED-2BC6-4864-B114-4E4420AC5AEF}"
EndProject
Project("{FAE04EC0-301F-11D3-BF4B-00C04F79EFBC}") = "18. PriseOfTransport", "PriseOfTransport\18. PriseOfTransport.csproj", "{DE0BAC71-3653-4281-96E7-5B8209707E82}"
EndProject
Project("{FAE04EC0-301F-11D3-BF4B-00C04F79EFBC}") = "19. PipeAndPool", "PipeAndPool\19. PipeAndPool.csproj", "{923A7B77-3A18-40DD-B13F-C739A2099C28}"
EndProject
Project("{FAE04EC0-301F-11D3-BF4B-00C04F79EFBC}") = "20. CatTom", "CatTom\20. CatTom.csproj", "{0257EB8E-E124-4382-BC10-2280242E3793}"
EndProject
Project("{FAE04EC0-301F-11D3-BF4B-00C04F79EFBC}") = "21. Harvest", "Harvest\21. Harvest.csproj", "{ABD9B32F-6BC8-45FF-8992-889093B7AD3C}"
EndProject
Project("{FAE04EC0-301F-11D3-BF4B-00C04F79EFBC}") = "22. Business", "Business\22. Business.csproj", "{C588E739-12D0-4B31-83D1-E6996631FAEB}"
EndProject
Global
	GlobalSection(SolutionConfigurationPlatforms) = preSolution
		Debug|Any CPU = Debug|Any CPU
		Release|Any CPU = Release|Any CPU
	EndGlobalSection
	GlobalSection(ProjectConfigurationPlatforms) = postSolution
		{3CD8D3EA-D6EE-415A-B227-D396CB7D1220}.Debug|Any CPU.ActiveCfg = Debug|Any CPU
		{3CD8D3EA-D6EE-415A-B227-D396CB7D1220}.Debug|Any CPU.Build.0 = Debug|Any CPU
		{3CD8D3EA-D6EE-415A-B227-D396CB7D1220}.Release|Any CPU.ActiveCfg = Release|Any CPU
		{3CD8D3EA-D6EE-415A-B227-D396CB7D1220}.Release|Any CPU.Build.0 = Release|Any CPU
		{AACBACFF-BF06-4258-8C03-C37EB85E0246}.Debug|Any CPU.ActiveCfg = Debug|Any CPU
		{AACBACFF-BF06-4258-8C03-C37EB85E0246}.Debug|Any CPU.Build.0 = Debug|Any CPU
		{AACBACFF-BF06-4258-8C03-C37EB85E0246}.Release|Any CPU.ActiveCfg = Release|Any CPU
		{AACBACFF-BF06-4258-8C03-C37EB85E0246}.Release|Any CPU.Build.0 = Release|Any CPU
		{1DB873B0-9827-463B-9ACC-EA061F7E7604}.Debug|Any CPU.ActiveCfg = Debug|Any CPU
		{1DB873B0-9827-463B-9ACC-EA061F7E7604}.Debug|Any CPU.Build.0 = Debug|Any CPU
		{1DB873B0-9827-463B-9ACC-EA061F7E7604}.Release|Any CPU.ActiveCfg = Release|Any CPU
		{1DB873B0-9827-463B-9ACC-EA061F7E7604}.Release|Any CPU.Build.0 = Release|Any CPU
		{BB2F4C63-C4CC-48C1-8055-529EC381D37A}.Debug|Any CPU.ActiveCfg = Debug|Any CPU
		{BB2F4C63-C4CC-48C1-8055-529EC381D37A}.Debug|Any CPU.Build.0 = Debug|Any CPU
		{BB2F4C63-C4CC-48C1-8055-529EC381D37A}.Release|Any CPU.ActiveCfg = Release|Any CPU
		{BB2F4C63-C4CC-48C1-8055-529EC381D37A}.Release|Any CPU.Build.0 = Release|Any CPU
		{38327EBE-41D2-4947-9DBE-5707F6D5B3ED}.Debug|Any CPU.ActiveCfg = Debug|Any CPU
		{38327EBE-41D2-4947-9DBE-5707F6D5B3ED}.Debug|Any CPU.Build.0 = Debug|Any CPU
		{38327EBE-41D2-4947-9DBE-5707F6D5B3ED}.Release|Any CPU.ActiveCfg = Release|Any CPU
		{38327EBE-41D2-4947-9DBE-5707F6D5B3ED}.Release|Any CPU.Build.0 = Release|Any CPU
		{22D7D646-44FA-48B7-9D98-A9DE18AF4512}.Debug|Any CPU.ActiveCfg = Debug|Any CPU
		{22D7D646-44FA-48B7-9D98-A9DE18AF4512}.Debug|Any CPU.Build.0 = Debug|Any CPU
		{22D7D646-44FA-48B7-9D98-A9DE18AF4512}.Release|Any CPU.ActiveCfg = Release|Any CPU
		{22D7D646-44FA-48B7-9D98-A9DE18AF4512}.Release|Any CPU.Build.0 = Release|Any CPU
		{93AEA25D-2E3C-4D24-9DDC-F94826A282EC}.Debug|Any CPU.ActiveCfg = Debug|Any CPU
		{93AEA25D-2E3C-4D24-9DDC-F94826A282EC}.Debug|Any CPU.Build.0 = Debug|Any CPU
		{93AEA25D-2E3C-4D24-9DDC-F94826A282EC}.Release|Any CPU.ActiveCfg = Release|Any CPU
		{93AEA25D-2E3C-4D24-9DDC-F94826A282EC}.Release|Any CPU.Build.0 = Release|Any CPU
		{56D856B8-8DF8-42BB-9945-58AF0CF1E0A7}.Debug|Any CPU.ActiveCfg = Debug|Any CPU
		{56D856B8-8DF8-42BB-9945-58AF0CF1E0A7}.Debug|Any CPU.Build.0 = Debug|Any CPU
		{56D856B8-8DF8-42BB-9945-58AF0CF1E0A7}.Release|Any CPU.ActiveCfg = Release|Any CPU
		{56D856B8-8DF8-42BB-9945-58AF0CF1E0A7}.Release|Any CPU.Build.0 = Release|Any CPU
		{EB3A5741-5D03-4D8F-9747-451368D9760C}.Debug|Any CPU.ActiveCfg = Debug|Any CPU
		{EB3A5741-5D03-4D8F-9747-451368D9760C}.Debug|Any CPU.Build.0 = Debug|Any CPU
		{EB3A5741-5D03-4D8F-9747-451368D9760C}.Release|Any CPU.ActiveCfg = Release|Any CPU
		{EB3A5741-5D03-4D8F-9747-451368D9760C}.Release|Any CPU.Build.0 = Release|Any CPU
		{18E4DFA9-AA44-46D0-8867-0C7CE8F6C8DD}.Debug|Any CPU.ActiveCfg = Debug|Any CPU
		{18E4DFA9-AA44-46D0-8867-0C7CE8F6C8DD}.Debug|Any CPU.Build.0 = Debug|Any CPU
		{18E4DFA9-AA44-46D0-8867-0C7CE8F6C8DD}.Release|Any CPU.ActiveCfg = Release|Any CPU
		{18E4DFA9-AA44-46D0-8867-0C7CE8F6C8DD}.Release|Any CPU.Build.0 = Release|Any CPU
		{CF75BB0B-9242-429A-A9F6-6931B2B2986D}.Debug|Any CPU.ActiveCfg = Debug|Any CPU
		{CF75BB0B-9242-429A-A9F6-6931B2B2986D}.Debug|Any CPU.Build.0 = Debug|Any CPU
		{CF75BB0B-9242-429A-A9F6-6931B2B2986D}.Release|Any CPU.ActiveCfg = Release|Any CPU
		{CF75BB0B-9242-429A-A9F6-6931B2B2986D}.Release|Any CPU.Build.0 = Release|Any CPU
		{7E368BA4-F625-47F7-B7A8-51AB713D9DF4}.Debug|Any CPU.ActiveCfg = Debug|Any CPU
		{7E368BA4-F625-47F7-B7A8-51AB713D9DF4}.Debug|Any CPU.Build.0 = Debug|Any CPU
		{7E368BA4-F625-47F7-B7A8-51AB713D9DF4}.Release|Any CPU.ActiveCfg = Release|Any CPU
		{7E368BA4-F625-47F7-B7A8-51AB713D9DF4}.Release|Any CPU.Build.0 = Release|Any CPU
		{D92725DD-D66C-4032-93CA-B972145E25C0}.Debug|Any CPU.ActiveCfg = Debug|Any CPU
		{D92725DD-D66C-4032-93CA-B972145E25C0}.Debug|Any CPU.Build.0 = Debug|Any CPU
		{D92725DD-D66C-4032-93CA-B972145E25C0}.Release|Any CPU.ActiveCfg = Release|Any CPU
		{D92725DD-D66C-4032-93CA-B972145E25C0}.Release|Any CPU.Build.0 = Release|Any CPU
		{CE1C33B9-1BA0-41EC-965E-939E44C17A78}.Debug|Any CPU.ActiveCfg = Debug|Any CPU
		{CE1C33B9-1BA0-41EC-965E-939E44C17A78}.Debug|Any CPU.Build.0 = Debug|Any CPU
		{CE1C33B9-1BA0-41EC-965E-939E44C17A78}.Release|Any CPU.ActiveCfg = Release|Any CPU
		{CE1C33B9-1BA0-41EC-965E-939E44C17A78}.Release|Any CPU.Build.0 = Release|Any CPU
		{DF1CB5B3-F573-4F41-96A2-C6C04880B434}.Debug|Any CPU.ActiveCfg = Debug|Any CPU
		{DF1CB5B3-F573-4F41-96A2-C6C04880B434}.Debug|Any CPU.Build.0 = Debug|Any CPU
		{DF1CB5B3-F573-4F41-96A2-C6C04880B434}.Release|Any CPU.ActiveCfg = Release|Any CPU
		{DF1CB5B3-F573-4F41-96A2-C6C04880B434}.Release|Any CPU.Build.0 = Release|Any CPU
		{04B55EED-2BC6-4864-B114-4E4420AC5AEF}.Debug|Any CPU.ActiveCfg = Debug|Any CPU
		{04B55EED-2BC6-4864-B114-4E4420AC5AEF}.Debug|Any CPU.Build.0 = Debug|Any CPU
		{04B55EED-2BC6-4864-B114-4E4420AC5AEF}.Release|Any CPU.ActiveCfg = Release|Any CPU
		{04B55EED-2BC6-4864-B114-4E4420AC5AEF}.Release|Any CPU.Build.0 = Release|Any CPU
		{DE0BAC71-3653-4281-96E7-5B8209707E82}.Debug|Any CPU.ActiveCfg = Debug|Any CPU
		{DE0BAC71-3653-4281-96E7-5B8209707E82}.Debug|Any CPU.Build.0 = Debug|Any CPU
		{DE0BAC71-3653-4281-96E7-5B8209707E82}.Release|Any CPU.ActiveCfg = Release|Any CPU
		{DE0BAC71-3653-4281-96E7-5B8209707E82}.Release|Any CPU.Build.0 = Release|Any CPU
		{923A7B77-3A18-40DD-B13F-C739A2099C28}.Debug|Any CPU.ActiveCfg = Debug|Any CPU
		{923A7B77-3A18-40DD-B13F-C739A2099C28}.Debug|Any CPU.Build.0 = Debug|Any CPU
		{923A7B77-3A18-40DD-B13F-C739A2099C28}.Release|Any CPU.ActiveCfg = Release|Any CPU
		{923A7B77-3A18-40DD-B13F-C739A2099C28}.Release|Any CPU.Build.0 = Release|Any CPU
		{0257EB8E-E124-4382-BC10-2280242E3793}.Debug|Any CPU.ActiveCfg = Debug|Any CPU
		{0257EB8E-E124-4382-BC10-2280242E3793}.Debug|Any CPU.Build.0 = Debug|Any CPU
		{0257EB8E-E124-4382-BC10-2280242E3793}.Release|Any CPU.ActiveCfg = Release|Any CPU
		{0257EB8E-E124-4382-BC10-2280242E3793}.Release|Any CPU.Build.0 = Release|Any CPU
		{ABD9B32F-6BC8-45FF-8992-889093B7AD3C}.Debug|Any CPU.ActiveCfg = Debug|Any CPU
		{ABD9B32F-6BC8-45FF-8992-889093B7AD3C}.Debug|Any CPU.Build.0 = Debug|Any CPU
		{ABD9B32F-6BC8-45FF-8992-889093B7AD3C}.Release|Any CPU.ActiveCfg = Release|Any CPU
		{ABD9B32F-6BC8-45FF-8992-889093B7AD3C}.Release|Any CPU.Build.0 = Release|Any CPU
		{C588E739-12D0-4B31-83D1-E6996631FAEB}.Debug|Any CPU.ActiveCfg = Debug|Any CPU
		{C588E739-12D0-4B31-83D1-E6996631FAEB}.Debug|Any CPU.Build.0 = Debug|Any CPU
		{C588E739-12D0-4B31-83D1-E6996631FAEB}.Release|Any CPU.ActiveCfg = Release|Any CPU
		{C588E739-12D0-4B31-83D1-E6996631FAEB}.Release|Any CPU.Build.0 = Release|Any CPU
	EndGlobalSection
	GlobalSection(SolutionProperties) = preSolution
		HideSolutionNode = FALSE
	EndGlobalSection
EndGlobal
