
Microsoft Visual Studio Solution File, Format Version 12.00
# Visual Studio 14
VisualStudioVersion = 14.0.25420.1
MinimumVisualStudioVersion = 10.0.40219.1
Project("{FAE04EC0-301F-11D3-BF4B-00C04F79EFBC}") = "01. Nums1ToNWithStep3", "Nums1ToNWithStep3\01. Nums1ToNWithStep3.csproj", "{D86BA4C7-4101-4B9E-8B6D-891659348577}"
EndProject
Project("{FAE04EC0-301F-11D3-BF4B-00C04F79EFBC}") = "02. NumsFromNTo1", "NumsFromNTo1\02. NumsFromNTo1.csproj", "{09DF735E-F9AB-4C0B-B23B-43A353D2FBC1}"
EndProject
Project("{FAE04EC0-301F-11D3-BF4B-00C04F79EFBC}") = "03. NumFrom2oTo2n", "NumFrom2oTo2n\03. NumFrom2oTo2n.csproj", "{859471C2-39E9-4F47-8E49-AE7079DC7F97}"
EndProject
Project("{FAE04EC0-301F-11D3-BF4B-00C04F79EFBC}") = "04. EvenPowersOf2", "EvenPowersOf2\04. EvenPowersOf2.csproj", "{08FD4B3E-6DF9-4E54-8756-42C4A40079A4}"
EndProject
Project("{FAE04EC0-301F-11D3-BF4B-00C04F79EFBC}") = "05. Nums2k+1", "Nums2k+1\05. Nums2k+1.csproj", "{8702FD31-0C08-4C1A-8AE3-8CCBE14D164C}"
EndProject
Project("{FAE04EC0-301F-11D3-BF4B-00C04F79EFBC}") = "06. NumBetween1To100", "NumBetween1To100\06. NumBetween1To100.csproj", "{D2E0E8AB-721E-4512-B959-4C33D2047206}"
EndProject
Project("{FAE04EC0-301F-11D3-BF4B-00C04F79EFBC}") = "07. GreatestCommonDivisor", "GreatestCommonDivisor\07. GreatestCommonDivisor.csproj", "{72DC507B-A90E-4911-B57A-27F78886AFB1}"
EndProject
Project("{FAE04EC0-301F-11D3-BF4B-00C04F79EFBC}") = "08. Factorial", "Factorial\08. Factorial.csproj", "{DCC234F7-DB5C-4417-B672-621B7383CBD3}"
EndProject
Project("{FAE04EC0-301F-11D3-BF4B-00C04F79EFBC}") = "09. SumDigits", "SumDigits\09. SumDigits.csproj", "{10C9DAC5-D53A-4A51-A438-4F7B33D3EDF0}"
EndProject
Project("{FAE04EC0-301F-11D3-BF4B-00C04F79EFBC}") = "10. CheckPrime", "CheckPrime\10. CheckPrime.csproj", "{5A8AF666-6439-4F14-AEAC-361FB6FAFAA5}"
EndProject
Project("{FAE04EC0-301F-11D3-BF4B-00C04F79EFBC}") = "11. EnterEvenNumber", "EnterEvenNumber\11. EnterEvenNumber.csproj", "{EE0A6138-0434-495D-9365-6ECB85EC59F8}"
EndProject
Project("{FAE04EC0-301F-11D3-BF4B-00C04F79EFBC}") = "12. Fibonacci", "Fibonacci\12. Fibonacci.csproj", "{C52927F1-52AC-4731-8FBA-BA593A0E3B2C}"
EndProject
Project("{FAE04EC0-301F-11D3-BF4B-00C04F79EFBC}") = "13. PyramidOfNumber", "PyramidOfNumber\13. PyramidOfNumber.csproj", "{62511611-EB22-46D1-9021-6AD53D31E8A8}"
EndProject
Project("{FAE04EC0-301F-11D3-BF4B-00C04F79EFBC}") = "14. TableWithNumber", "TableWithNumber\14. TableWithNumber.csproj", "{25EC3C3F-6279-4BDB-A5F4-8640576A1D5C}"
EndProject
Project("{FAE04EC0-301F-11D3-BF4B-00C04F79EFBC}") = "16. StupidPassword", "StupidPassword\16. StupidPassword.csproj", "{6CFCF7F1-4950-464B-A576-1832E3A86E27}"
EndProject
Project("{FAE04EC0-301F-11D3-BF4B-00C04F79EFBC}") = "17. MagicNumber", "MagicNumber\17. MagicNumber.csproj", "{65F1B97D-552B-4387-BD78-EDCFAE835070}"
EndProject
Project("{FAE04EC0-301F-11D3-BF4B-00C04F79EFBC}") = "18. SpecificNumber", "SpecificNumber\18. SpecificNumber.csproj", "{F702D153-A2E4-4908-A877-7728C933C4BC}"
EndProject
Project("{FAE04EC0-301F-11D3-BF4B-00C04F79EFBC}") = "19. StopNumber", "19. StopNumber\19. StopNumber.csproj", "{718C42AC-E0CB-448E-9929-BA47B4B5D251}"
EndProject
Project("{FAE04EC0-301F-11D3-BF4B-00C04F79EFBC}") = "20. Digits", "20. Digits\20. Digits.csproj", "{9613EB6F-B03A-48D2-A66B-CB858013A236}"
EndProject
Project("{FAE04EC0-301F-11D3-BF4B-00C04F79EFBC}") = "15. WebGame", "15. WebGame\15. WebGame.csproj", "{739D9F4B-F708-48B1-AB93-DF698FB43DC6}"
EndProject
Global
	GlobalSection(SolutionConfigurationPlatforms) = preSolution
		Debug|Any CPU = Debug|Any CPU
		Release|Any CPU = Release|Any CPU
	EndGlobalSection
	GlobalSection(ProjectConfigurationPlatforms) = postSolution
		{D86BA4C7-4101-4B9E-8B6D-891659348577}.Debug|Any CPU.ActiveCfg = Debug|Any CPU
		{D86BA4C7-4101-4B9E-8B6D-891659348577}.Debug|Any CPU.Build.0 = Debug|Any CPU
		{D86BA4C7-4101-4B9E-8B6D-891659348577}.Release|Any CPU.ActiveCfg = Release|Any CPU
		{D86BA4C7-4101-4B9E-8B6D-891659348577}.Release|Any CPU.Build.0 = Release|Any CPU
		{09DF735E-F9AB-4C0B-B23B-43A353D2FBC1}.Debug|Any CPU.ActiveCfg = Debug|Any CPU
		{09DF735E-F9AB-4C0B-B23B-43A353D2FBC1}.Debug|Any CPU.Build.0 = Debug|Any CPU
		{09DF735E-F9AB-4C0B-B23B-43A353D2FBC1}.Release|Any CPU.ActiveCfg = Release|Any CPU
		{09DF735E-F9AB-4C0B-B23B-43A353D2FBC1}.Release|Any CPU.Build.0 = Release|Any CPU
		{859471C2-39E9-4F47-8E49-AE7079DC7F97}.Debug|Any CPU.ActiveCfg = Debug|Any CPU
		{859471C2-39E9-4F47-8E49-AE7079DC7F97}.Debug|Any CPU.Build.0 = Debug|Any CPU
		{859471C2-39E9-4F47-8E49-AE7079DC7F97}.Release|Any CPU.ActiveCfg = Release|Any CPU
		{859471C2-39E9-4F47-8E49-AE7079DC7F97}.Release|Any CPU.Build.0 = Release|Any CPU
		{08FD4B3E-6DF9-4E54-8756-42C4A40079A4}.Debug|Any CPU.ActiveCfg = Debug|Any CPU
		{08FD4B3E-6DF9-4E54-8756-42C4A40079A4}.Debug|Any CPU.Build.0 = Debug|Any CPU
		{08FD4B3E-6DF9-4E54-8756-42C4A40079A4}.Release|Any CPU.ActiveCfg = Release|Any CPU
		{08FD4B3E-6DF9-4E54-8756-42C4A40079A4}.Release|Any CPU.Build.0 = Release|Any CPU
		{8702FD31-0C08-4C1A-8AE3-8CCBE14D164C}.Debug|Any CPU.ActiveCfg = Debug|Any CPU
		{8702FD31-0C08-4C1A-8AE3-8CCBE14D164C}.Debug|Any CPU.Build.0 = Debug|Any CPU
		{8702FD31-0C08-4C1A-8AE3-8CCBE14D164C}.Release|Any CPU.ActiveCfg = Release|Any CPU
		{8702FD31-0C08-4C1A-8AE3-8CCBE14D164C}.Release|Any CPU.Build.0 = Release|Any CPU
		{D2E0E8AB-721E-4512-B959-4C33D2047206}.Debug|Any CPU.ActiveCfg = Debug|Any CPU
		{D2E0E8AB-721E-4512-B959-4C33D2047206}.Debug|Any CPU.Build.0 = Debug|Any CPU
		{D2E0E8AB-721E-4512-B959-4C33D2047206}.Release|Any CPU.ActiveCfg = Release|Any CPU
		{D2E0E8AB-721E-4512-B959-4C33D2047206}.Release|Any CPU.Build.0 = Release|Any CPU
		{72DC507B-A90E-4911-B57A-27F78886AFB1}.Debug|Any CPU.ActiveCfg = Debug|Any CPU
		{72DC507B-A90E-4911-B57A-27F78886AFB1}.Debug|Any CPU.Build.0 = Debug|Any CPU
		{72DC507B-A90E-4911-B57A-27F78886AFB1}.Release|Any CPU.ActiveCfg = Release|Any CPU
		{72DC507B-A90E-4911-B57A-27F78886AFB1}.Release|Any CPU.Build.0 = Release|Any CPU
		{DCC234F7-DB5C-4417-B672-621B7383CBD3}.Debug|Any CPU.ActiveCfg = Debug|Any CPU
		{DCC234F7-DB5C-4417-B672-621B7383CBD3}.Debug|Any CPU.Build.0 = Debug|Any CPU
		{DCC234F7-DB5C-4417-B672-621B7383CBD3}.Release|Any CPU.ActiveCfg = Release|Any CPU
		{DCC234F7-DB5C-4417-B672-621B7383CBD3}.Release|Any CPU.Build.0 = Release|Any CPU
		{10C9DAC5-D53A-4A51-A438-4F7B33D3EDF0}.Debug|Any CPU.ActiveCfg = Debug|Any CPU
		{10C9DAC5-D53A-4A51-A438-4F7B33D3EDF0}.Debug|Any CPU.Build.0 = Debug|Any CPU
		{10C9DAC5-D53A-4A51-A438-4F7B33D3EDF0}.Release|Any CPU.ActiveCfg = Release|Any CPU
		{10C9DAC5-D53A-4A51-A438-4F7B33D3EDF0}.Release|Any CPU.Build.0 = Release|Any CPU
		{5A8AF666-6439-4F14-AEAC-361FB6FAFAA5}.Debug|Any CPU.ActiveCfg = Debug|Any CPU
		{5A8AF666-6439-4F14-AEAC-361FB6FAFAA5}.Debug|Any CPU.Build.0 = Debug|Any CPU
		{5A8AF666-6439-4F14-AEAC-361FB6FAFAA5}.Release|Any CPU.ActiveCfg = Release|Any CPU
		{5A8AF666-6439-4F14-AEAC-361FB6FAFAA5}.Release|Any CPU.Build.0 = Release|Any CPU
		{EE0A6138-0434-495D-9365-6ECB85EC59F8}.Debug|Any CPU.ActiveCfg = Debug|Any CPU
		{EE0A6138-0434-495D-9365-6ECB85EC59F8}.Debug|Any CPU.Build.0 = Debug|Any CPU
		{EE0A6138-0434-495D-9365-6ECB85EC59F8}.Release|Any CPU.ActiveCfg = Release|Any CPU
		{EE0A6138-0434-495D-9365-6ECB85EC59F8}.Release|Any CPU.Build.0 = Release|Any CPU
		{C52927F1-52AC-4731-8FBA-BA593A0E3B2C}.Debug|Any CPU.ActiveCfg = Debug|Any CPU
		{C52927F1-52AC-4731-8FBA-BA593A0E3B2C}.Debug|Any CPU.Build.0 = Debug|Any CPU
		{C52927F1-52AC-4731-8FBA-BA593A0E3B2C}.Release|Any CPU.ActiveCfg = Release|Any CPU
		{C52927F1-52AC-4731-8FBA-BA593A0E3B2C}.Release|Any CPU.Build.0 = Release|Any CPU
		{62511611-EB22-46D1-9021-6AD53D31E8A8}.Debug|Any CPU.ActiveCfg = Debug|Any CPU
		{62511611-EB22-46D1-9021-6AD53D31E8A8}.Debug|Any CPU.Build.0 = Debug|Any CPU
		{62511611-EB22-46D1-9021-6AD53D31E8A8}.Release|Any CPU.ActiveCfg = Release|Any CPU
		{62511611-EB22-46D1-9021-6AD53D31E8A8}.Release|Any CPU.Build.0 = Release|Any CPU
		{25EC3C3F-6279-4BDB-A5F4-8640576A1D5C}.Debug|Any CPU.ActiveCfg = Debug|Any CPU
		{25EC3C3F-6279-4BDB-A5F4-8640576A1D5C}.Debug|Any CPU.Build.0 = Debug|Any CPU
		{25EC3C3F-6279-4BDB-A5F4-8640576A1D5C}.Release|Any CPU.ActiveCfg = Release|Any CPU
		{25EC3C3F-6279-4BDB-A5F4-8640576A1D5C}.Release|Any CPU.Build.0 = Release|Any CPU
		{6CFCF7F1-4950-464B-A576-1832E3A86E27}.Debug|Any CPU.ActiveCfg = Debug|Any CPU
		{6CFCF7F1-4950-464B-A576-1832E3A86E27}.Debug|Any CPU.Build.0 = Debug|Any CPU
		{6CFCF7F1-4950-464B-A576-1832E3A86E27}.Release|Any CPU.ActiveCfg = Release|Any CPU
		{6CFCF7F1-4950-464B-A576-1832E3A86E27}.Release|Any CPU.Build.0 = Release|Any CPU
		{65F1B97D-552B-4387-BD78-EDCFAE835070}.Debug|Any CPU.ActiveCfg = Debug|Any CPU
		{65F1B97D-552B-4387-BD78-EDCFAE835070}.Debug|Any CPU.Build.0 = Debug|Any CPU
		{65F1B97D-552B-4387-BD78-EDCFAE835070}.Release|Any CPU.ActiveCfg = Release|Any CPU
		{65F1B97D-552B-4387-BD78-EDCFAE835070}.Release|Any CPU.Build.0 = Release|Any CPU
		{F702D153-A2E4-4908-A877-7728C933C4BC}.Debug|Any CPU.ActiveCfg = Debug|Any CPU
		{F702D153-A2E4-4908-A877-7728C933C4BC}.Debug|Any CPU.Build.0 = Debug|Any CPU
		{F702D153-A2E4-4908-A877-7728C933C4BC}.Release|Any CPU.ActiveCfg = Release|Any CPU
		{F702D153-A2E4-4908-A877-7728C933C4BC}.Release|Any CPU.Build.0 = Release|Any CPU
		{718C42AC-E0CB-448E-9929-BA47B4B5D251}.Debug|Any CPU.ActiveCfg = Debug|Any CPU
		{718C42AC-E0CB-448E-9929-BA47B4B5D251}.Debug|Any CPU.Build.0 = Debug|Any CPU
		{718C42AC-E0CB-448E-9929-BA47B4B5D251}.Release|Any CPU.ActiveCfg = Release|Any CPU
		{718C42AC-E0CB-448E-9929-BA47B4B5D251}.Release|Any CPU.Build.0 = Release|Any CPU
		{9613EB6F-B03A-48D2-A66B-CB858013A236}.Debug|Any CPU.ActiveCfg = Debug|Any CPU
		{9613EB6F-B03A-48D2-A66B-CB858013A236}.Debug|Any CPU.Build.0 = Debug|Any CPU
		{9613EB6F-B03A-48D2-A66B-CB858013A236}.Release|Any CPU.ActiveCfg = Release|Any CPU
		{9613EB6F-B03A-48D2-A66B-CB858013A236}.Release|Any CPU.Build.0 = Release|Any CPU
		{739D9F4B-F708-48B1-AB93-DF698FB43DC6}.Debug|Any CPU.ActiveCfg = Debug|Any CPU
		{739D9F4B-F708-48B1-AB93-DF698FB43DC6}.Debug|Any CPU.Build.0 = Debug|Any CPU
		{739D9F4B-F708-48B1-AB93-DF698FB43DC6}.Release|Any CPU.ActiveCfg = Release|Any CPU
		{739D9F4B-F708-48B1-AB93-DF698FB43DC6}.Release|Any CPU.Build.0 = Release|Any CPU
	EndGlobalSection
	GlobalSection(SolutionProperties) = preSolution
		HideSolutionNode = FALSE
	EndGlobalSection
EndGlobal
