
Microsoft Visual Studio Solution File, Format Version 12.00
# Visual Studio 15
VisualStudioVersion = 15.0.26430.16
MinimumVisualStudioVersion = 10.0.40219.1
Project("{FAE04EC0-301F-11D3-BF4B-00C04F79EFBC}") = "01. HousePrice", "01. HousePrice\01. HousePrice.csproj", "{E10ED4FD-C9FC-4554-90B8-D0B6B807373F}"
EndProject
Project("{FAE04EC0-301F-11D3-BF4B-00C04F79EFBC}") = "02. FlowerShop", "02. FlowerShop\02. FlowerShop.csproj", "{4F936917-D097-4B03-9602-32D038D4BFDE}"
EndProject
Project("{FAE04EC0-301F-11D3-BF4B-00C04F79EFBC}") = "03. BikeRace", "03. BikeRace\03. BikeRace.csproj", "{983AC696-D105-4B03-A0C6-937B152446E2}"
EndProject
Project("{FAE04EC0-301F-11D3-BF4B-00C04F79EFBC}") = "04. Logistics", "04. Logistics\04. Logistics.csproj", "{A4DB6485-1231-4172-A5A8-8B7888C264DB}"
EndProject
Project("{FAE04EC0-301F-11D3-BF4B-00C04F79EFBC}") = "05. Rocket", "05. Rocket\05. Rocket.csproj", "{41D6BB29-BE95-48FE-9B4B-DE27D67E4D40}"
EndProject
Project("{FAE04EC0-301F-11D3-BF4B-00C04F79EFBC}") = "06. MaxCombination", "06. MaxCombination\06. MaxCombination.csproj", "{B9921F5F-0D3B-4B39-98B9-0B915248C81D}"
EndProject
Global
	GlobalSection(SolutionConfigurationPlatforms) = preSolution
		Debug|Any CPU = Debug|Any CPU
		Release|Any CPU = Release|Any CPU
	EndGlobalSection
	GlobalSection(ProjectConfigurationPlatforms) = postSolution
		{E10ED4FD-C9FC-4554-90B8-D0B6B807373F}.Debug|Any CPU.ActiveCfg = Debug|Any CPU
		{E10ED4FD-C9FC-4554-90B8-D0B6B807373F}.Debug|Any CPU.Build.0 = Debug|Any CPU
		{E10ED4FD-C9FC-4554-90B8-D0B6B807373F}.Release|Any CPU.ActiveCfg = Release|Any CPU
		{E10ED4FD-C9FC-4554-90B8-D0B6B807373F}.Release|Any CPU.Build.0 = Release|Any CPU
		{4F936917-D097-4B03-9602-32D038D4BFDE}.Debug|Any CPU.ActiveCfg = Debug|Any CPU
		{4F936917-D097-4B03-9602-32D038D4BFDE}.Debug|Any CPU.Build.0 = Debug|Any CPU
		{4F936917-D097-4B03-9602-32D038D4BFDE}.Release|Any CPU.ActiveCfg = Release|Any CPU
		{4F936917-D097-4B03-9602-32D038D4BFDE}.Release|Any CPU.Build.0 = Release|Any CPU
		{983AC696-D105-4B03-A0C6-937B152446E2}.Debug|Any CPU.ActiveCfg = Debug|Any CPU
		{983AC696-D105-4B03-A0C6-937B152446E2}.Debug|Any CPU.Build.0 = Debug|Any CPU
		{983AC696-D105-4B03-A0C6-937B152446E2}.Release|Any CPU.ActiveCfg = Release|Any CPU
		{983AC696-D105-4B03-A0C6-937B152446E2}.Release|Any CPU.Build.0 = Release|Any CPU
		{A4DB6485-1231-4172-A5A8-8B7888C264DB}.Debug|Any CPU.ActiveCfg = Debug|Any CPU
		{A4DB6485-1231-4172-A5A8-8B7888C264DB}.Debug|Any CPU.Build.0 = Debug|Any CPU
		{A4DB6485-1231-4172-A5A8-8B7888C264DB}.Release|Any CPU.ActiveCfg = Release|Any CPU
		{A4DB6485-1231-4172-A5A8-8B7888C264DB}.Release|Any CPU.Build.0 = Release|Any CPU
		{41D6BB29-BE95-48FE-9B4B-DE27D67E4D40}.Debug|Any CPU.ActiveCfg = Debug|Any CPU
		{41D6BB29-BE95-48FE-9B4B-DE27D67E4D40}.Debug|Any CPU.Build.0 = Debug|Any CPU
		{41D6BB29-BE95-48FE-9B4B-DE27D67E4D40}.Release|Any CPU.ActiveCfg = Release|Any CPU
		{41D6BB29-BE95-48FE-9B4B-DE27D67E4D40}.Release|Any CPU.Build.0 = Release|Any CPU
		{B9921F5F-0D3B-4B39-98B9-0B915248C81D}.Debug|Any CPU.ActiveCfg = Debug|Any CPU
		{B9921F5F-0D3B-4B39-98B9-0B915248C81D}.Debug|Any CPU.Build.0 = Debug|Any CPU
		{B9921F5F-0D3B-4B39-98B9-0B915248C81D}.Release|Any CPU.ActiveCfg = Release|Any CPU
		{B9921F5F-0D3B-4B39-98B9-0B915248C81D}.Release|Any CPU.Build.0 = Release|Any CPU
	EndGlobalSection
	GlobalSection(SolutionProperties) = preSolution
		HideSolutionNode = FALSE
	EndGlobalSection
EndGlobal
