
Microsoft Visual Studio Solution File, Format Version 12.00
# Visual Studio 14
VisualStudioVersion = 14.0.25420.1
MinimumVisualStudioVersion = 10.0.40219.1
Project("{FAE04EC0-301F-11D3-BF4B-00C04F79EFBC}") = "01. Num1To100", "Num1To100\01. Num1To100.csproj", "{067A18C8-F5A1-4034-A871-1BAEAC2A1D7D}"
EndProject
Project("{FAE04EC0-301F-11D3-BF4B-00C04F79EFBC}") = "02. NumbersEndingIn7", "NumbersEndingIn7\02. NumbersEndingIn7.csproj", "{0C11F096-9109-4D5B-B534-E6EB5F9CE59F}"
EndProject
Project("{FAE04EC0-301F-11D3-BF4B-00C04F79EFBC}") = "03.0AToZ", "AToZ\03.0AToZ.csproj", "{B814C58C-3DE7-4F02-88A4-71890C2FB5E4}"
EndProject
Project("{FAE04EC0-301F-11D3-BF4B-00C04F79EFBC}") = "04. SumNumbers", "SumNumbers\04. SumNumbers.csproj", "{C552C0CA-CE67-493B-9E15-4B203DA01103}"
EndProject
Project("{FAE04EC0-301F-11D3-BF4B-00C04F79EFBC}") = "05. MaxNumber", "MaxNumber\05. MaxNumber.csproj", "{1C7576C5-55A1-401F-8488-8348DA0404D2}"
EndProject
Project("{FAE04EC0-301F-11D3-BF4B-00C04F79EFBC}") = "06. MinNumber", "MinNumber\06. MinNumber.csproj", "{44EFCE62-89C7-4FBE-864E-CF4045392FF6}"
EndProject
Project("{FAE04EC0-301F-11D3-BF4B-00C04F79EFBC}") = "07. LeftRightSum", "LeftRightSum\07. LeftRightSum.csproj", "{78F437D8-BF8A-4F29-A4B9-1F3928205778}"
EndProject
Project("{FAE04EC0-301F-11D3-BF4B-00C04F79EFBC}") = "08. EvenOddSum", "EvenOddSum\08. EvenOddSum.csproj", "{4872D96C-E2BE-4CB7-9B92-38A79128439D}"
EndProject
Project("{FAE04EC0-301F-11D3-BF4B-00C04F79EFBC}") = "09. SumOfVowelLetters", "SumOfVowelLetters\09. SumOfVowelLetters.csproj", "{A24EAD79-FDD4-41E8-90D9-83365D600966}"
EndProject
Project("{FAE04EC0-301F-11D3-BF4B-00C04F79EFBC}") = "14. TurtleDraw", "TurtleDraw\14. TurtleDraw.csproj", "{84DB5D88-6C0D-4C35-AEBD-66DEC92AA977}"
EndProject
Project("{FAE04EC0-301F-11D3-BF4B-00C04F79EFBC}") = "10. HalfSumElement", "HalfSumElement1\10. HalfSumElement.csproj", "{48DDB1AE-2B99-43A4-AD25-BA14331585F6}"
EndProject
Project("{FAE04EC0-301F-11D3-BF4B-00C04F79EFBC}") = "11. OddEvenPosition", "OddEvenPosition\11. OddEvenPosition.csproj", "{680A6C6C-8649-4E36-9B45-759FAF33C2D1}"
EndProject
Project("{FAE04EC0-301F-11D3-BF4B-00C04F79EFBC}") = "12. EqualPairs", "EqualPairs\12. EqualPairs.csproj", "{A9FE43BD-837D-447B-A621-B017E4E7ED06}"
EndProject
Project("{FAE04EC0-301F-11D3-BF4B-00C04F79EFBC}") = "19. Histogram", "Histogram\19. Histogram.csproj", "{C22C3F06-08A5-4D77-8A67-06F973B742E3}"
EndProject
Project("{FAE04EC0-301F-11D3-BF4B-00C04F79EFBC}") = "21. PartionWithoutResidue", "PartionWithoutResidue\21. PartionWithoutResidue.csproj", "{618EF704-9281-4E6E-A6D9-993365102F9D}"
EndProject
Project("{FAE04EC0-301F-11D3-BF4B-00C04F79EFBC}") = "22. SmartLili", "SmartLili\22. SmartLili.csproj", "{9A415916-1700-4694-8B70-B4194F3360B3}"
EndProject
Project("{FAE04EC0-301F-11D3-BF4B-00C04F79EFBC}") = "23. BackToThePast", "23. BackToThePast\23. BackToThePast.csproj", "{8CEBF396-0120-491B-B1BC-F8AD732EB075}"
EndProject
Project("{FAE04EC0-301F-11D3-BF4B-00C04F79EFBC}") = "24. Hospital", "24. Hospital\24. Hospital.csproj", "{F8E5A579-5055-4634-9F53-D84FD5C9C568}"
EndProject
Global
	GlobalSection(SolutionConfigurationPlatforms) = preSolution
		Debug|Any CPU = Debug|Any CPU
		Release|Any CPU = Release|Any CPU
	EndGlobalSection
	GlobalSection(ProjectConfigurationPlatforms) = postSolution
		{067A18C8-F5A1-4034-A871-1BAEAC2A1D7D}.Debug|Any CPU.ActiveCfg = Debug|Any CPU
		{067A18C8-F5A1-4034-A871-1BAEAC2A1D7D}.Debug|Any CPU.Build.0 = Debug|Any CPU
		{067A18C8-F5A1-4034-A871-1BAEAC2A1D7D}.Release|Any CPU.ActiveCfg = Release|Any CPU
		{067A18C8-F5A1-4034-A871-1BAEAC2A1D7D}.Release|Any CPU.Build.0 = Release|Any CPU
		{0C11F096-9109-4D5B-B534-E6EB5F9CE59F}.Debug|Any CPU.ActiveCfg = Debug|Any CPU
		{0C11F096-9109-4D5B-B534-E6EB5F9CE59F}.Debug|Any CPU.Build.0 = Debug|Any CPU
		{0C11F096-9109-4D5B-B534-E6EB5F9CE59F}.Release|Any CPU.ActiveCfg = Release|Any CPU
		{0C11F096-9109-4D5B-B534-E6EB5F9CE59F}.Release|Any CPU.Build.0 = Release|Any CPU
		{B814C58C-3DE7-4F02-88A4-71890C2FB5E4}.Debug|Any CPU.ActiveCfg = Debug|Any CPU
		{B814C58C-3DE7-4F02-88A4-71890C2FB5E4}.Debug|Any CPU.Build.0 = Debug|Any CPU
		{B814C58C-3DE7-4F02-88A4-71890C2FB5E4}.Release|Any CPU.ActiveCfg = Release|Any CPU
		{B814C58C-3DE7-4F02-88A4-71890C2FB5E4}.Release|Any CPU.Build.0 = Release|Any CPU
		{C552C0CA-CE67-493B-9E15-4B203DA01103}.Debug|Any CPU.ActiveCfg = Debug|Any CPU
		{C552C0CA-CE67-493B-9E15-4B203DA01103}.Debug|Any CPU.Build.0 = Debug|Any CPU
		{C552C0CA-CE67-493B-9E15-4B203DA01103}.Release|Any CPU.ActiveCfg = Release|Any CPU
		{C552C0CA-CE67-493B-9E15-4B203DA01103}.Release|Any CPU.Build.0 = Release|Any CPU
		{1C7576C5-55A1-401F-8488-8348DA0404D2}.Debug|Any CPU.ActiveCfg = Debug|Any CPU
		{1C7576C5-55A1-401F-8488-8348DA0404D2}.Debug|Any CPU.Build.0 = Debug|Any CPU
		{1C7576C5-55A1-401F-8488-8348DA0404D2}.Release|Any CPU.ActiveCfg = Release|Any CPU
		{1C7576C5-55A1-401F-8488-8348DA0404D2}.Release|Any CPU.Build.0 = Release|Any CPU
		{44EFCE62-89C7-4FBE-864E-CF4045392FF6}.Debug|Any CPU.ActiveCfg = Debug|Any CPU
		{44EFCE62-89C7-4FBE-864E-CF4045392FF6}.Debug|Any CPU.Build.0 = Debug|Any CPU
		{44EFCE62-89C7-4FBE-864E-CF4045392FF6}.Release|Any CPU.ActiveCfg = Release|Any CPU
		{44EFCE62-89C7-4FBE-864E-CF4045392FF6}.Release|Any CPU.Build.0 = Release|Any CPU
		{78F437D8-BF8A-4F29-A4B9-1F3928205778}.Debug|Any CPU.ActiveCfg = Debug|Any CPU
		{78F437D8-BF8A-4F29-A4B9-1F3928205778}.Debug|Any CPU.Build.0 = Debug|Any CPU
		{78F437D8-BF8A-4F29-A4B9-1F3928205778}.Release|Any CPU.ActiveCfg = Release|Any CPU
		{78F437D8-BF8A-4F29-A4B9-1F3928205778}.Release|Any CPU.Build.0 = Release|Any CPU
		{4872D96C-E2BE-4CB7-9B92-38A79128439D}.Debug|Any CPU.ActiveCfg = Debug|Any CPU
		{4872D96C-E2BE-4CB7-9B92-38A79128439D}.Debug|Any CPU.Build.0 = Debug|Any CPU
		{4872D96C-E2BE-4CB7-9B92-38A79128439D}.Release|Any CPU.ActiveCfg = Release|Any CPU
		{4872D96C-E2BE-4CB7-9B92-38A79128439D}.Release|Any CPU.Build.0 = Release|Any CPU
		{A24EAD79-FDD4-41E8-90D9-83365D600966}.Debug|Any CPU.ActiveCfg = Debug|Any CPU
		{A24EAD79-FDD4-41E8-90D9-83365D600966}.Debug|Any CPU.Build.0 = Debug|Any CPU
		{A24EAD79-FDD4-41E8-90D9-83365D600966}.Release|Any CPU.ActiveCfg = Release|Any CPU
		{A24EAD79-FDD4-41E8-90D9-83365D600966}.Release|Any CPU.Build.0 = Release|Any CPU
		{84DB5D88-6C0D-4C35-AEBD-66DEC92AA977}.Debug|Any CPU.ActiveCfg = Debug|Any CPU
		{84DB5D88-6C0D-4C35-AEBD-66DEC92AA977}.Debug|Any CPU.Build.0 = Debug|Any CPU
		{84DB5D88-6C0D-4C35-AEBD-66DEC92AA977}.Release|Any CPU.ActiveCfg = Release|Any CPU
		{84DB5D88-6C0D-4C35-AEBD-66DEC92AA977}.Release|Any CPU.Build.0 = Release|Any CPU
		{48DDB1AE-2B99-43A4-AD25-BA14331585F6}.Debug|Any CPU.ActiveCfg = Debug|Any CPU
		{48DDB1AE-2B99-43A4-AD25-BA14331585F6}.Debug|Any CPU.Build.0 = Debug|Any CPU
		{48DDB1AE-2B99-43A4-AD25-BA14331585F6}.Release|Any CPU.ActiveCfg = Release|Any CPU
		{48DDB1AE-2B99-43A4-AD25-BA14331585F6}.Release|Any CPU.Build.0 = Release|Any CPU
		{680A6C6C-8649-4E36-9B45-759FAF33C2D1}.Debug|Any CPU.ActiveCfg = Debug|Any CPU
		{680A6C6C-8649-4E36-9B45-759FAF33C2D1}.Debug|Any CPU.Build.0 = Debug|Any CPU
		{680A6C6C-8649-4E36-9B45-759FAF33C2D1}.Release|Any CPU.ActiveCfg = Release|Any CPU
		{680A6C6C-8649-4E36-9B45-759FAF33C2D1}.Release|Any CPU.Build.0 = Release|Any CPU
		{A9FE43BD-837D-447B-A621-B017E4E7ED06}.Debug|Any CPU.ActiveCfg = Debug|Any CPU
		{A9FE43BD-837D-447B-A621-B017E4E7ED06}.Debug|Any CPU.Build.0 = Debug|Any CPU
		{A9FE43BD-837D-447B-A621-B017E4E7ED06}.Release|Any CPU.ActiveCfg = Release|Any CPU
		{A9FE43BD-837D-447B-A621-B017E4E7ED06}.Release|Any CPU.Build.0 = Release|Any CPU
		{C22C3F06-08A5-4D77-8A67-06F973B742E3}.Debug|Any CPU.ActiveCfg = Debug|Any CPU
		{C22C3F06-08A5-4D77-8A67-06F973B742E3}.Debug|Any CPU.Build.0 = Debug|Any CPU
		{C22C3F06-08A5-4D77-8A67-06F973B742E3}.Release|Any CPU.ActiveCfg = Release|Any CPU
		{C22C3F06-08A5-4D77-8A67-06F973B742E3}.Release|Any CPU.Build.0 = Release|Any CPU
		{618EF704-9281-4E6E-A6D9-993365102F9D}.Debug|Any CPU.ActiveCfg = Debug|Any CPU
		{618EF704-9281-4E6E-A6D9-993365102F9D}.Debug|Any CPU.Build.0 = Debug|Any CPU
		{618EF704-9281-4E6E-A6D9-993365102F9D}.Release|Any CPU.ActiveCfg = Release|Any CPU
		{618EF704-9281-4E6E-A6D9-993365102F9D}.Release|Any CPU.Build.0 = Release|Any CPU
		{9A415916-1700-4694-8B70-B4194F3360B3}.Debug|Any CPU.ActiveCfg = Debug|Any CPU
		{9A415916-1700-4694-8B70-B4194F3360B3}.Debug|Any CPU.Build.0 = Debug|Any CPU
		{9A415916-1700-4694-8B70-B4194F3360B3}.Release|Any CPU.ActiveCfg = Release|Any CPU
		{9A415916-1700-4694-8B70-B4194F3360B3}.Release|Any CPU.Build.0 = Release|Any CPU
		{8CEBF396-0120-491B-B1BC-F8AD732EB075}.Debug|Any CPU.ActiveCfg = Debug|Any CPU
		{8CEBF396-0120-491B-B1BC-F8AD732EB075}.Debug|Any CPU.Build.0 = Debug|Any CPU
		{8CEBF396-0120-491B-B1BC-F8AD732EB075}.Release|Any CPU.ActiveCfg = Release|Any CPU
		{8CEBF396-0120-491B-B1BC-F8AD732EB075}.Release|Any CPU.Build.0 = Release|Any CPU
		{F8E5A579-5055-4634-9F53-D84FD5C9C568}.Debug|Any CPU.ActiveCfg = Debug|Any CPU
		{F8E5A579-5055-4634-9F53-D84FD5C9C568}.Debug|Any CPU.Build.0 = Debug|Any CPU
		{F8E5A579-5055-4634-9F53-D84FD5C9C568}.Release|Any CPU.ActiveCfg = Release|Any CPU
		{F8E5A579-5055-4634-9F53-D84FD5C9C568}.Release|Any CPU.Build.0 = Release|Any CPU
	EndGlobalSection
	GlobalSection(SolutionProperties) = preSolution
		HideSolutionNode = FALSE
	EndGlobalSection
EndGlobal
